
Microsoft Visual Studio Solution File, Format Version 12.00
# Visual Studio Version 16
VisualStudioVersion = 16.0.30128.74
MinimumVisualStudioVersion = 10.0.40219.1
Project("{9A19103F-16F7-4668-BE54-9A1E7A4F7556}") = "nikstra.SqlUtilities", "nikstra.SqlUtilities\nikstra.SqlUtilities.csproj", "{D36F08E0-0A06-4548-A951-5DE2AD6F633A}"
EndProject
Project("{9A19103F-16F7-4668-BE54-9A1E7A4F7556}") = "nikstra.SqlUtilitiesTests", "nikstra.SqlUtilitiesTests\nikstra.SqlUtilitiesTests.csproj", "{B7E1CAB8-E6D9-4A87-914C-B56EC0AB2E5C}"
EndProject
Global
	GlobalSection(SolutionConfigurationPlatforms) = preSolution
		Debug|Any CPU = Debug|Any CPU
		Release|Any CPU = Release|Any CPU
	EndGlobalSection
	GlobalSection(ProjectConfigurationPlatforms) = postSolution
		{D36F08E0-0A06-4548-A951-5DE2AD6F633A}.Debug|Any CPU.ActiveCfg = Debug|Any CPU
		{D36F08E0-0A06-4548-A951-5DE2AD6F633A}.Debug|Any CPU.Build.0 = Debug|Any CPU
		{D36F08E0-0A06-4548-A951-5DE2AD6F633A}.Release|Any CPU.ActiveCfg = Release|Any CPU
		{D36F08E0-0A06-4548-A951-5DE2AD6F633A}.Release|Any CPU.Build.0 = Release|Any CPU
		{B7E1CAB8-E6D9-4A87-914C-B56EC0AB2E5C}.Debug|Any CPU.ActiveCfg = Debug|Any CPU
		{B7E1CAB8-E6D9-4A87-914C-B56EC0AB2E5C}.Debug|Any CPU.Build.0 = Debug|Any CPU
		{B7E1CAB8-E6D9-4A87-914C-B56EC0AB2E5C}.Release|Any CPU.ActiveCfg = Release|Any CPU
		{B7E1CAB8-E6D9-4A87-914C-B56EC0AB2E5C}.Release|Any CPU.Build.0 = Release|Any CPU
	EndGlobalSection
	GlobalSection(SolutionProperties) = preSolution
		HideSolutionNode = FALSE
	EndGlobalSection
	GlobalSection(ExtensibilityGlobals) = postSolution
		SolutionGuid = {ED032F46-3CD2-47C0-A849-7CF9D0C4A738}
	EndGlobalSection
EndGlobal
